// !$*UTF8*$!
{
	archiveVersion = 1;
	classes = {
	};
	objectVersion = 46;
	objects = {

/* Begin PBXBuildFile section */
		EB47E0D41B94DDBE00E1D59B /* ToastLabel.m in Sources */ = {isa = PBXBuildFile; fileRef = EB47E0D31B94DDBE00E1D59B /* ToastLabel.m */; };
		EB7330C81ADFFB30005C5730 /* main.m in Sources */ = {isa = PBXBuildFile; fileRef = EB7330C71ADFFB30005C5730 /* main.m */; };
		EB7330CB1ADFFB30005C5730 /* AppDelegate.m in Sources */ = {isa = PBXBuildFile; fileRef = EB7330CA1ADFFB30005C5730 /* AppDelegate.m */; };
		EB7330CE1ADFFB30005C5730 /* MapOverlayExample.xcdatamodeld in Sources */ = {isa = PBXBuildFile; fileRef = EB7330CC1ADFFB30005C5730 /* MapOverlayExample.xcdatamodeld */; };
		EB7330D11ADFFB30005C5730 /* MapViewController.m in Sources */ = {isa = PBXBuildFile; fileRef = EB7330D01ADFFB30005C5730 /* MapViewController.m */; };
		EB7330D41ADFFB30005C5730 /* Main.storyboard in Resources */ = {isa = PBXBuildFile; fileRef = EB7330D21ADFFB30005C5730 /* Main.storyboard */; };
		EB7330D61ADFFB30005C5730 /* Images.xcassets in Resources */ = {isa = PBXBuildFile; fileRef = EB7330D51ADFFB30005C5730 /* Images.xcassets */; };
		EB7330D91ADFFB30005C5730 /* LaunchScreen.xib in Resources */ = {isa = PBXBuildFile; fileRef = EB7330D71ADFFB30005C5730 /* LaunchScreen.xib */; };
		EB7330E51ADFFB30005C5730 /* MapOverlayExampleTests.m in Sources */ = {isa = PBXBuildFile; fileRef = EB7330E41ADFFB30005C5730 /* MapOverlayExampleTests.m */; };
		EB7330F01ADFFF91005C5730 /* MapKit.framework in Frameworks */ = {isa = PBXBuildFile; fileRef = EB7330EF1ADFFF91005C5730 /* MapKit.framework */; };
		EB7330F31AE03900005C5730 /* MapOverlay.m in Sources */ = {isa = PBXBuildFile; fileRef = EB7330F21AE03900005C5730 /* MapOverlay.m */; };
		EB7330F81AE03B7E005C5730 /* GeoJSONSerialization.m in Sources */ = {isa = PBXBuildFile; fileRef = EB7330F71AE03B7E005C5730 /* GeoJSONSerialization.m */; };
		EB7330FA1AE03BD6005C5730 /* countries-ISOalpha2.json in Resources */ = {isa = PBXBuildFile; fileRef = EB7330F91AE03BD6005C5730 /* countries-ISOalpha2.json */; };
/* End PBXBuildFile section */

/* Begin PBXContainerItemProxy section */
		EB7330DF1ADFFB30005C5730 /* PBXContainerItemProxy */ = {
			isa = PBXContainerItemProxy;
			containerPortal = EB7330BA1ADFFB2F005C5730 /* Project object */;
			proxyType = 1;
			remoteGlobalIDString = EB7330C11ADFFB30005C5730;
			remoteInfo = MapOverlayExample;
		};
/* End PBXContainerItemProxy section */

/* Begin PBXFileReference section */
		EB47E0D21B94DDBE00E1D59B /* ToastLabel.h */ = {isa = PBXFileReference; fileEncoding = 4; lastKnownFileType = sourcecode.c.h; name = ToastLabel.h; path = "Toast Label/ToastLabel.h"; sourceTree = "<group>"; };
		EB47E0D31B94DDBE00E1D59B /* ToastLabel.m */ = {isa = PBXFileReference; fileEncoding = 4; lastKnownFileType = sourcecode.c.objc; name = ToastLabel.m; path = "Toast Label/ToastLabel.m"; sourceTree = "<group>"; };
		EB7330C21ADFFB30005C5730 /* MapOverlayExample.app */ = {isa = PBXFileReference; explicitFileType = wrapper.application; includeInIndex = 0; path = MapOverlayExample.app; sourceTree = BUILT_PRODUCTS_DIR; };
		EB7330C61ADFFB30005C5730 /* Info.plist */ = {isa = PBXFileReference; lastKnownFileType = text.plist.xml; path = Info.plist; sourceTree = "<group>"; };
		EB7330C71ADFFB30005C5730 /* main.m */ = {isa = PBXFileReference; lastKnownFileType = sourcecode.c.objc; path = main.m; sourceTree = "<group>"; };
		EB7330C91ADFFB30005C5730 /* AppDelegate.h */ = {isa = PBXFileReference; lastKnownFileType = sourcecode.c.h; path = AppDelegate.h; sourceTree = "<group>"; };
		EB7330CA1ADFFB30005C5730 /* AppDelegate.m */ = {isa = PBXFileReference; lastKnownFileType = sourcecode.c.objc; path = AppDelegate.m; sourceTree = "<group>"; };
		EB7330CD1ADFFB30005C5730 /* MapOverlayExample.xcdatamodel */ = {isa = PBXFileReference; lastKnownFileType = wrapper.xcdatamodel; path = MapOverlayExample.xcdatamodel; sourceTree = "<group>"; };
		EB7330CF1ADFFB30005C5730 /* MapViewController.h */ = {isa = PBXFileReference; lastKnownFileType = sourcecode.c.h; path = MapViewController.h; sourceTree = "<group>"; };
		EB7330D01ADFFB30005C5730 /* MapViewController.m */ = {isa = PBXFileReference; lastKnownFileType = sourcecode.c.objc; path = MapViewController.m; sourceTree = "<group>"; };
		EB7330D31ADFFB30005C5730 /* Base */ = {isa = PBXFileReference; lastKnownFileType = file.storyboard; name = Base; path = Base.lproj/Main.storyboard; sourceTree = "<group>"; };
		EB7330D51ADFFB30005C5730 /* Images.xcassets */ = {isa = PBXFileReference; lastKnownFileType = folder.assetcatalog; path = Images.xcassets; sourceTree = "<group>"; };
		EB7330D81ADFFB30005C5730 /* Base */ = {isa = PBXFileReference; lastKnownFileType = file.xib; name = Base; path = Base.lproj/LaunchScreen.xib; sourceTree = "<group>"; };
		EB7330DE1ADFFB30005C5730 /* MapOverlayExampleTests.xctest */ = {isa = PBXFileReference; explicitFileType = wrapper.cfbundle; includeInIndex = 0; path = MapOverlayExampleTests.xctest; sourceTree = BUILT_PRODUCTS_DIR; };
		EB7330E31ADFFB30005C5730 /* Info.plist */ = {isa = PBXFileReference; lastKnownFileType = text.plist.xml; path = Info.plist; sourceTree = "<group>"; };
		EB7330E41ADFFB30005C5730 /* MapOverlayExampleTests.m */ = {isa = PBXFileReference; lastKnownFileType = sourcecode.c.objc; path = MapOverlayExampleTests.m; sourceTree = "<group>"; };
		EB7330EF1ADFFF91005C5730 /* MapKit.framework */ = {isa = PBXFileReference; lastKnownFileType = wrapper.framework; name = MapKit.framework; path = System/Library/Frameworks/MapKit.framework; sourceTree = SDKROOT; };
		EB7330F11AE03900005C5730 /* MapOverlay.h */ = {isa = PBXFileReference; fileEncoding = 4; lastKnownFileType = sourcecode.c.h; name = MapOverlay.h; path = "Map Overlay/MapOverlay.h"; sourceTree = "<group>"; };
		EB7330F21AE03900005C5730 /* MapOverlay.m */ = {isa = PBXFileReference; fileEncoding = 4; lastKnownFileType = sourcecode.c.objc; name = MapOverlay.m; path = "Map Overlay/MapOverlay.m"; sourceTree = "<group>"; };
		EB7330F61AE03B7E005C5730 /* GeoJSONSerialization.h */ = {isa = PBXFileReference; fileEncoding = 4; lastKnownFileType = sourcecode.c.h; path = GeoJSONSerialization.h; sourceTree = "<group>"; };
		EB7330F71AE03B7E005C5730 /* GeoJSONSerialization.m */ = {isa = PBXFileReference; fileEncoding = 4; lastKnownFileType = sourcecode.c.objc; path = GeoJSONSerialization.m; sourceTree = "<group>"; };
		EB7330F91AE03BD6005C5730 /* countries-ISOalpha2.json */ = {isa = PBXFileReference; fileEncoding = 4; lastKnownFileType = text.json; path = "countries-ISOalpha2.json"; sourceTree = "<group>"; };
/* End PBXFileReference section */

/* Begin PBXFrameworksBuildPhase section */
		EB7330BF1ADFFB30005C5730 /* Frameworks */ = {
			isa = PBXFrameworksBuildPhase;
			buildActionMask = 2147483647;
			files = (
				EB7330F01ADFFF91005C5730 /* MapKit.framework in Frameworks */,
			);
			runOnlyForDeploymentPostprocessing = 0;
		};
		EB7330DB1ADFFB30005C5730 /* Frameworks */ = {
			isa = PBXFrameworksBuildPhase;
			buildActionMask = 2147483647;
			files = (
			);
			runOnlyForDeploymentPostprocessing = 0;
		};
/* End PBXFrameworksBuildPhase section */

/* Begin PBXGroup section */
		EB47E0D11B94DD8000E1D59B /* Toast Label */ = {
			isa = PBXGroup;
			children = (
				EB47E0D21B94DDBE00E1D59B /* ToastLabel.h */,
				EB47E0D31B94DDBE00E1D59B /* ToastLabel.m */,
			);
			name = "Toast Label";
			sourceTree = "<group>";
		};
		EB7330B91ADFFB2F005C5730 = {
			isa = PBXGroup;
			children = (
				EB7330F41AE03B22005C5730 /* Helpers */,
				EB7330EF1ADFFF91005C5730 /* MapKit.framework */,
				EB7330C41ADFFB30005C5730 /* MapOverlayExample */,
				EB7330E11ADFFB30005C5730 /* MapOverlayExampleTests */,
				EB7330C31ADFFB30005C5730 /* Products */,
			);
			sourceTree = "<group>";
		};
		EB7330C31ADFFB30005C5730 /* Products */ = {
			isa = PBXGroup;
			children = (
				EB7330C21ADFFB30005C5730 /* MapOverlayExample.app */,
				EB7330DE1ADFFB30005C5730 /* MapOverlayExampleTests.xctest */,
			);
			name = Products;
			sourceTree = "<group>";
		};
		EB7330C41ADFFB30005C5730 /* MapOverlayExample */ = {
			isa = PBXGroup;
			children = (
				EB47E0D11B94DD8000E1D59B /* Toast Label */,
				EB7330C91ADFFB30005C5730 /* AppDelegate.h */,
				EB7330CA1ADFFB30005C5730 /* AppDelegate.m */,
				EB7330D51ADFFB30005C5730 /* Images.xcassets */,
				EB7330D71ADFFB30005C5730 /* LaunchScreen.xib */,
				EB7330D21ADFFB30005C5730 /* Main.storyboard */,
				EB7330EE1ADFFBB1005C5730 /* Map Overlay */,
				EB7330CC1ADFFB30005C5730 /* MapOverlayExample.xcdatamodeld */,
				EB7330CF1ADFFB30005C5730 /* MapViewController.h */,
				EB7330D01ADFFB30005C5730 /* MapViewController.m */,
				EB7330C51ADFFB30005C5730 /* Supporting Files */,
			);
			path = MapOverlayExample;
			sourceTree = "<group>";
		};
		EB7330C51ADFFB30005C5730 /* Supporting Files */ = {
			isa = PBXGroup;
			children = (
				EB7330C61ADFFB30005C5730 /* Info.plist */,
				EB7330C71ADFFB30005C5730 /* main.m */,
			);
			name = "Supporting Files";
			sourceTree = "<group>";
		};
		EB7330E11ADFFB30005C5730 /* MapOverlayExampleTests */ = {
			isa = PBXGroup;
			children = (
				EB7330E41ADFFB30005C5730 /* MapOverlayExampleTests.m */,
				EB7330E21ADFFB30005C5730 /* Supporting Files */,
			);
			path = MapOverlayExampleTests;
			sourceTree = "<group>";
		};
		EB7330E21ADFFB30005C5730 /* Supporting Files */ = {
			isa = PBXGroup;
			children = (
				EB7330E31ADFFB30005C5730 /* Info.plist */,
			);
			name = "Supporting Files";
			sourceTree = "<group>";
		};
		EB7330EE1ADFFBB1005C5730 /* Map Overlay */ = {
			isa = PBXGroup;
			children = (
				EB7330F91AE03BD6005C5730 /* countries-ISOalpha2.json */,
				EB7330F11AE03900005C5730 /* MapOverlay.h */,
				EB7330F21AE03900005C5730 /* MapOverlay.m */,
			);
			name = "Map Overlay";
			sourceTree = "<group>";
		};
		EB7330F41AE03B22005C5730 /* Helpers */ = {
			isa = PBXGroup;
			children = (
				EB7330F51AE03B33005C5730 /* GeoJSONSerialization */,
			);
			name = Helpers;
			sourceTree = "<group>";
		};
		EB7330F51AE03B33005C5730 /* GeoJSONSerialization */ = {
			isa = PBXGroup;
			children = (
				EB7330F61AE03B7E005C5730 /* GeoJSONSerialization.h */,
				EB7330F71AE03B7E005C5730 /* GeoJSONSerialization.m */,
			);
			name = GeoJSONSerialization;
			sourceTree = "<group>";
		};
/* End PBXGroup section */

/* Begin PBXNativeTarget section */
		EB7330C11ADFFB30005C5730 /* MapOverlayExample */ = {
			isa = PBXNativeTarget;
			buildConfigurationList = EB7330E81ADFFB30005C5730 /* Build configuration list for PBXNativeTarget "MapOverlayExample" */;
			buildPhases = (
				EB7330BE1ADFFB30005C5730 /* Sources */,
				EB7330BF1ADFFB30005C5730 /* Frameworks */,
				EB7330C01ADFFB30005C5730 /* Resources */,
			);
			buildRules = (
			);
			dependencies = (
			);
			name = MapOverlayExample;
			productName = MapOverlayExample;
			productReference = EB7330C21ADFFB30005C5730 /* MapOverlayExample.app */;
			productType = "com.apple.product-type.application";
		};
		EB7330DD1ADFFB30005C5730 /* MapOverlayExampleTests */ = {
			isa = PBXNativeTarget;
			buildConfigurationList = EB7330EB1ADFFB30005C5730 /* Build configuration list for PBXNativeTarget "MapOverlayExampleTests" */;
			buildPhases = (
				EB7330DA1ADFFB30005C5730 /* Sources */,
				EB7330DB1ADFFB30005C5730 /* Frameworks */,
				EB7330DC1ADFFB30005C5730 /* Resources */,
			);
			buildRules = (
			);
			dependencies = (
				EB7330E01ADFFB30005C5730 /* PBXTargetDependency */,
			);
			name = MapOverlayExampleTests;
			productName = MapOverlayExampleTests;
			productReference = EB7330DE1ADFFB30005C5730 /* MapOverlayExampleTests.xctest */;
			productType = "com.apple.product-type.bundle.unit-test";
		};
/* End PBXNativeTarget section */

/* Begin PBXProject section */
		EB7330BA1ADFFB2F005C5730 /* Project object */ = {
			isa = PBXProject;
			attributes = {
				LastUpgradeCheck = 0630;
				ORGANIZATIONNAME = mobmedianet;
				TargetAttributes = {
					EB7330C11ADFFB30005C5730 = {
						CreatedOnToolsVersion = 6.3;
						SystemCapabilities = {
							com.apple.Maps.iOS = {
								enabled = 1;
							};
						};
					};
					EB7330DD1ADFFB30005C5730 = {
						CreatedOnToolsVersion = 6.3;
						TestTargetID = EB7330C11ADFFB30005C5730;
					};
				};
			};
			buildConfigurationList = EB7330BD1ADFFB30005C5730 /* Build configuration list for PBXProject "MapOverlayExample" */;
			compatibilityVersion = "Xcode 3.2";
			developmentRegion = English;
			hasScannedForEncodings = 0;
			knownRegions = (
				en,
				Base,
			);
			mainGroup = EB7330B91ADFFB2F005C5730;
			productRefGroup = EB7330C31ADFFB30005C5730 /* Products */;
			projectDirPath = "";
			projectRoot = "";
			targets = (
				EB7330C11ADFFB30005C5730 /* MapOverlayExample */,
				EB7330DD1ADFFB30005C5730 /* MapOverlayExampleTests */,
			);
		};
/* End PBXProject section */

/* Begin PBXResourcesBuildPhase section */
		EB7330C01ADFFB30005C5730 /* Resources */ = {
			isa = PBXResourcesBuildPhase;
			buildActionMask = 2147483647;
			files = (
				EB7330FA1AE03BD6005C5730 /* countries-ISOalpha2.json in Resources */,
				EB7330D41ADFFB30005C5730 /* Main.storyboard in Resources */,
				EB7330D91ADFFB30005C5730 /* LaunchScreen.xib in Resources */,
				EB7330D61ADFFB30005C5730 /* Images.xcassets in Resources */,
			);
			runOnlyForDeploymentPostprocessing = 0;
		};
		EB7330DC1ADFFB30005C5730 /* Resources */ = {
			isa = PBXResourcesBuildPhase;
			buildActionMask = 2147483647;
			files = (
			);
			runOnlyForDeploymentPostprocessing = 0;
		};
/* End PBXResourcesBuildPhase section */

/* Begin PBXSourcesBuildPhase section */
		EB7330BE1ADFFB30005C5730 /* Sources */ = {
			isa = PBXSourcesBuildPhase;
			buildActionMask = 2147483647;
			files = (
				EB7330F81AE03B7E005C5730 /* GeoJSONSerialization.m in Sources */,
				EB7330CB1ADFFB30005C5730 /* AppDelegate.m in Sources */,
				EB47E0D41B94DDBE00E1D59B /* ToastLabel.m in Sources */,
				EB7330CE1ADFFB30005C5730 /* MapOverlayExample.xcdatamodeld in Sources */,
				EB7330F31AE03900005C5730 /* MapOverlay.m in Sources */,
				EB7330D11ADFFB30005C5730 /* MapViewController.m in Sources */,
				EB7330C81ADFFB30005C5730 /* main.m in Sources */,
			);
			runOnlyForDeploymentPostprocessing = 0;
		};
		EB7330DA1ADFFB30005C5730 /* Sources */ = {
			isa = PBXSourcesBuildPhase;
			buildActionMask = 2147483647;
			files = (
				EB7330E51ADFFB30005C5730 /* MapOverlayExampleTests.m in Sources */,
			);
			runOnlyForDeploymentPostprocessing = 0;
		};
/* End PBXSourcesBuildPhase section */

/* Begin PBXTargetDependency section */
		EB7330E01ADFFB30005C5730 /* PBXTargetDependency */ = {
			isa = PBXTargetDependency;
			target = EB7330C11ADFFB30005C5730 /* MapOverlayExample */;
			targetProxy = EB7330DF1ADFFB30005C5730 /* PBXContainerItemProxy */;
		};
/* End PBXTargetDependency section */

/* Begin PBXVariantGroup section */
		EB7330D21ADFFB30005C5730 /* Main.storyboard */ = {
			isa = PBXVariantGroup;
			children = (
				EB7330D31ADFFB30005C5730 /* Base */,
			);
			name = Main.storyboard;
			sourceTree = "<group>";
		};
		EB7330D71ADFFB30005C5730 /* LaunchScreen.xib */ = {
			isa = PBXVariantGroup;
			children = (
				EB7330D81ADFFB30005C5730 /* Base */,
			);
			name = LaunchScreen.xib;
			sourceTree = "<group>";
		};
/* End PBXVariantGroup section */

/* Begin XCBuildConfiguration section */
		EB7330E61ADFFB30005C5730 /* Debug */ = {
			isa = XCBuildConfiguration;
			buildSettings = {
				ALWAYS_SEARCH_USER_PATHS = NO;
				CLANG_CXX_LANGUAGE_STANDARD = "gnu++0x";
				CLANG_CXX_LIBRARY = "libc++";
				CLANG_ENABLE_MODULES = YES;
				CLANG_ENABLE_OBJC_ARC = YES;
				CLANG_WARN_BOOL_CONVERSION = YES;
				CLANG_WARN_CONSTANT_CONVERSION = YES;
				CLANG_WARN_DIRECT_OBJC_ISA_USAGE = YES_ERROR;
				CLANG_WARN_EMPTY_BODY = YES;
				CLANG_WARN_ENUM_CONVERSION = YES;
				CLANG_WARN_INT_CONVERSION = YES;
				CLANG_WARN_OBJC_ROOT_CLASS = YES_ERROR;
				CLANG_WARN_UNREACHABLE_CODE = YES;
				CLANG_WARN__DUPLICATE_METHOD_MATCH = YES;
				"CODE_SIGN_IDENTITY[sdk=iphoneos*]" = "iPhone Developer";
				COPY_PHASE_STRIP = NO;
				DEBUG_INFORMATION_FORMAT = "dwarf-with-dsym";
				ENABLE_STRICT_OBJC_MSGSEND = YES;
				GCC_C_LANGUAGE_STANDARD = gnu99;
				GCC_DYNAMIC_NO_PIC = NO;
				GCC_NO_COMMON_BLOCKS = YES;
				GCC_OPTIMIZATION_LEVEL = 0;
				GCC_PREPROCESSOR_DEFINITIONS = (
					"DEBUG=1",
					"$(inherited)",
				);
				GCC_SYMBOLS_PRIVATE_EXTERN = NO;
				GCC_WARN_64_TO_32_BIT_CONVERSION = YES;
				GCC_WARN_ABOUT_RETURN_TYPE = YES_ERROR;
				GCC_WARN_UNDECLARED_SELECTOR = YES;
				GCC_WARN_UNINITIALIZED_AUTOS = YES_AGGRESSIVE;
				GCC_WARN_UNUSED_FUNCTION = YES;
				GCC_WARN_UNUSED_VARIABLE = YES;
				IPHONEOS_DEPLOYMENT_TARGET = 7.0;
				MTL_ENABLE_DEBUG_INFO = YES;
				ONLY_ACTIVE_ARCH = YES;
				SDKROOT = iphoneos;
				TARGETED_DEVICE_FAMILY = "1,2";
			};
			name = Debug;
		};
		EB7330E71ADFFB30005C5730 /* Release */ = {
			isa = XCBuildConfiguration;
			buildSettings = {
				ALWAYS_SEARCH_USER_PATHS = NO;
				CLANG_CXX_LANGUAGE_STANDARD = "gnu++0x";
				CLANG_CXX_LIBRARY = "libc++";
				CLANG_ENABLE_MODULES = YES;
				CLANG_ENABLE_OBJC_ARC = YES;
				CLANG_WARN_BOOL_CONVERSION = YES;
				CLANG_WARN_CONSTANT_CONVERSION = YES;
				CLANG_WARN_DIRECT_OBJC_ISA_USAGE = YES_ERROR;
				CLANG_WARN_EMPTY_BODY = YES;
				CLANG_WARN_ENUM_CONVERSION = YES;
				CLANG_WARN_INT_CONVERSION = YES;
				CLANG_WARN_OBJC_ROOT_CLASS = YES_ERROR;
				CLANG_WARN_UNREACHABLE_CODE = YES;
				CLANG_WARN__DUPLICATE_METHOD_MATCH = YES;
				"CODE_SIGN_IDENTITY[sdk=iphoneos*]" = "iPhone Developer";
				COPY_PHASE_STRIP = NO;
				DEBUG_INFORMATION_FORMAT = "dwarf-with-dsym";
				ENABLE_NS_ASSERTIONS = NO;
				ENABLE_STRICT_OBJC_MSGSEND = YES;
				GCC_C_LANGUAGE_STANDARD = gnu99;
				GCC_NO_COMMON_BLOCKS = YES;
				GCC_WARN_64_TO_32_BIT_CONVERSION = YES;
				GCC_WARN_ABOUT_RETURN_TYPE = YES_ERROR;
				GCC_WARN_UNDECLARED_SELECTOR = YES;
				GCC_WARN_UNINITIALIZED_AUTOS = YES_AGGRESSIVE;
				GCC_WARN_UNUSED_FUNCTION = YES;
				GCC_WARN_UNUSED_VARIABLE = YES;
				IPHONEOS_DEPLOYMENT_TARGET = 7.0;
				MTL_ENABLE_DEBUG_INFO = NO;
				SDKROOT = iphoneos;
				TARGETED_DEVICE_FAMILY = "1,2";
				VALIDATE_PRODUCT = YES;
			};
			name = Release;
		};
		EB7330E91ADFFB30005C5730 /* Debug */ = {
			isa = XCBuildConfiguration;
			buildSettings = {
				ASSETCATALOG_COMPILER_APPICON_NAME = AppIcon;
				ASSETCATALOG_COMPILER_LAUNCHIMAGE_NAME = LaunchImage;
				INFOPLIST_FILE = MapOverlayExample/Info.plist;
				LD_RUNPATH_SEARCH_PATHS = "$(inherited) @executable_path/Frameworks";
				PRODUCT_NAME = "$(TARGET_NAME)";
			};
			name = Debug;
		};
		EB7330EA1ADFFB30005C5730 /* Release */ = {
			isa = XCBuildConfiguration;
			buildSettings = {
				ASSETCATALOG_COMPILER_APPICON_NAME = AppIcon;
				ASSETCATALOG_COMPILER_LAUNCHIMAGE_NAME = LaunchImage;
				INFOPLIST_FILE = MapOverlayExample/Info.plist;
				LD_RUNPATH_SEARCH_PATHS = "$(inherited) @executable_path/Frameworks";
				PRODUCT_NAME = "$(TARGET_NAME)";
			};
			name = Release;
		};
		EB7330EC1ADFFB30005C5730 /* Debug */ = {
			isa = XCBuildConfiguration;
			buildSettings = {
				BUNDLE_LOADER = "$(TEST_HOST)";
				FRAMEWORK_SEARCH_PATHS = (
					"$(SDKROOT)/Developer/Library/Frameworks",
					"$(inherited)",
				);
				GCC_PREPROCESSOR_DEFINITIONS = (
					"DEBUG=1",
					"$(inherited)",
				);
				INFOPLIST_FILE = MapOverlayExampleTests/Info.plist;
				LD_RUNPATH_SEARCH_PATHS = "$(inherited) @executable_path/Frameworks @loader_path/Frameworks";
				PRODUCT_NAME = "$(TARGET_NAME)";
				TEST_HOST = "$(BUILT_PRODUCTS_DIR)/MapOverlayExample.app/MapOverlayExample";
			};
			name = Debug;
		};
		EB7330ED1ADFFB30005C5730 /* Release */ = {
			isa = XCBuildConfiguration;
			buildSettings = {
				BUNDLE_LOADER = "$(TEST_HOST)";
				FRAMEWORK_SEARCH_PATHS = (
					"$(SDKROOT)/Developer/Library/Frameworks",
					"$(inherited)",
				);
				INFOPLIST_FILE = MapOverlayExampleTests/Info.plist;
				LD_RUNPATH_SEARCH_PATHS = "$(inherited) @executable_path/Frameworks @loader_path/Frameworks";
				PRODUCT_NAME = "$(TARGET_NAME)";
				TEST_HOST = "$(BUILT_PRODUCTS_DIR)/MapOverlayExample.app/MapOverlayExample";
			};
			name = Release;
		};
/* End XCBuildConfiguration section */

/* Begin XCConfigurationList section */
		EB7330BD1ADFFB30005C5730 /* Build configuration list for PBXProject "MapOverlayExample" */ = {
			isa = XCConfigurationList;
			buildConfigurations = (
				EB7330E61ADFFB30005C5730 /* Debug */,
				EB7330E71ADFFB30005C5730 /* Release */,
			);
			defaultConfigurationIsVisible = 0;
			defaultConfigurationName = Release;
		};
		EB7330E81ADFFB30005C5730 /* Build configuration list for PBXNativeTarget "MapOverlayExample" */ = {
			isa = XCConfigurationList;
			buildConfigurations = (
				EB7330E91ADFFB30005C5730 /* Debug */,
				EB7330EA1ADFFB30005C5730 /* Release */,
			);
			defaultConfigurationIsVisible = 0;
			defaultConfigurationName = Release;
		};
		EB7330EB1ADFFB30005C5730 /* Build configuration list for PBXNativeTarget "MapOverlayExampleTests" */ = {
			isa = XCConfigurationList;
			buildConfigurations = (
				EB7330EC1ADFFB30005C5730 /* Debug */,
				EB7330ED1ADFFB30005C5730 /* Release */,
			);
			defaultConfigurationIsVisible = 0;
			defaultConfigurationName = Release;
		};
/* End XCConfigurationList section */

/* Begin XCVersionGroup section */
		EB7330CC1ADFFB30005C5730 /* MapOverlayExample.xcdatamodeld */ = {
			isa = XCVersionGroup;
			children = (
				EB7330CD1ADFFB30005C5730 /* MapOverlayExample.xcdatamodel */,
			);
			currentVersion = EB7330CD1ADFFB30005C5730 /* MapOverlayExample.xcdatamodel */;
			path = MapOverlayExample.xcdatamodeld;
			sourceTree = "<group>";
			versionGroupType = wrapper.xcdatamodel;
		};
/* End XCVersionGroup section */
	};
	rootObject = EB7330BA1ADFFB2F005C5730 /* Project object */;
}
